// !$*UTF8*$!
{
	archiveVersion = 1;
	classes = {
	};
	objectVersion = 46;
	objects = {

/* Begin PBXBuildFile section */
		AE34BC681F0223F800C893C2 /* main.m in Sources */ = {isa = PBXBuildFile; fileRef = AE34BC671F0223F800C893C2 /* main.m */; };
		AE34BC6B1F0223F800C893C2 /* AppDelegate.m in Sources */ = {isa = PBXBuildFile; fileRef = AE34BC6A1F0223F800C893C2 /* AppDelegate.m */; };
		AE34BC6E1F0223F800C893C2 /* ViewController.m in Sources */ = {isa = PBXBuildFile; fileRef = AE34BC6D1F0223F800C893C2 /* ViewController.m */; };
		AE34BC711F0223F800C893C2 /* Main.storyboard in Resources */ = {isa = PBXBuildFile; fileRef = AE34BC6F1F0223F800C893C2 /* Main.storyboard */; };
		AE34BC731F0223F800C893C2 /* Assets.xcassets in Resources */ = {isa = PBXBuildFile; fileRef = AE34BC721F0223F800C893C2 /* Assets.xcassets */; };
		AE34BC761F0223F800C893C2 /* LaunchScreen.storyboard in Resources */ = {isa = PBXBuildFile; fileRef = AE34BC741F0223F800C893C2 /* LaunchScreen.storyboard */; };
		AE34BC811F0223F800C893C2 /* XDemoTests.m in Sources */ = {isa = PBXBuildFile; fileRef = AE34BC801F0223F800C893C2 /* XDemoTests.m */; };
		AE34BC8C1F0223F800C893C2 /* XDemoUITests.m in Sources */ = {isa = PBXBuildFile; fileRef = AE34BC8B1F0223F800C893C2 /* XDemoUITests.m */; };
/* End PBXBuildFile section */

/* Begin PBXContainerItemProxy section */
		AE34BC7D1F0223F800C893C2 /* PBXContainerItemProxy */ = {
			isa = PBXContainerItemProxy;
			containerPortal = AE34BC5B1F0223F800C893C2 /* Project object */;
			proxyType = 1;
			remoteGlobalIDString = AE34BC621F0223F800C893C2;
			remoteInfo = XDemo;
		};
		AE34BC881F0223F800C893C2 /* PBXContainerItemProxy */ = {
			isa = PBXContainerItemProxy;
			containerPortal = AE34BC5B1F0223F800C893C2 /* Project object */;
			proxyType = 1;
			remoteGlobalIDString = AE34BC621F0223F800C893C2;
			remoteInfo = XDemo;
		};
/* End PBXContainerItemProxy section */

/* Begin PBXFileReference section */
		AE34BC631F0223F800C893C2 /* XDemo.app */ = {isa = PBXFileReference; explicitFileType = wrapper.application; includeInIndex = 0; path = XDemo.app; sourceTree = BUILT_PRODUCTS_DIR; };
		AE34BC671F0223F800C893C2 /* main.m */ = {isa = PBXFileReference; lastKnownFileType = sourcecode.c.objc; path = main.m; sourceTree = "<group>"; };
		AE34BC691F0223F800C893C2 /* AppDelegate.h */ = {isa = PBXFileReference; lastKnownFileType = sourcecode.c.h; path = AppDelegate.h; sourceTree = "<group>"; };
		AE34BC6A1F0223F800C893C2 /* AppDelegate.m */ = {isa = PBXFileReference; lastKnownFileType = sourcecode.c.objc; path = AppDelegate.m; sourceTree = "<group>"; };
		AE34BC6C1F0223F800C893C2 /* ViewController.h */ = {isa = PBXFileReference; lastKnownFileType = sourcecode.c.h; path = ViewController.h; sourceTree = "<group>"; };
		AE34BC6D1F0223F800C893C2 /* ViewController.m */ = {isa = PBXFileReference; lastKnownFileType = sourcecode.c.objc; path = ViewController.m; sourceTree = "<group>"; };
		AE34BC701F0223F800C893C2 /* Base */ = {isa = PBXFileReference; lastKnownFileType = file.storyboard; name = Base; path = Base.lproj/Main.storyboard; sourceTree = "<group>"; };
		AE34BC721F0223F800C893C2 /* Assets.xcassets */ = {isa = PBXFileReference; lastKnownFileType = folder.assetcatalog; path = Assets.xcassets; sourceTree = "<group>"; };
		AE34BC751F0223F800C893C2 /* Base */ = {isa = PBXFileReference; lastKnownFileType = file.storyboard; name = Base; path = Base.lproj/LaunchScreen.storyboard; sourceTree = "<group>"; };
		AE34BC771F0223F800C893C2 /* Info.plist */ = {isa = PBXFileReference; lastKnownFileType = text.plist.xml; path = Info.plist; sourceTree = "<group>"; };
		AE34BC7C1F0223F800C893C2 /* XDemoTests.xctest */ = {isa = PBXFileReference; explicitFileType = wrapper.cfbundle; includeInIndex = 0; path = XDemoTests.xctest; sourceTree = BUILT_PRODUCTS_DIR; };
		AE34BC801F0223F800C893C2 /* XDemoTests.m */ = {isa = PBXFileReference; lastKnownFileType = sourcecode.c.objc; path = XDemoTests.m; sourceTree = "<group>"; };
		AE34BC821F0223F800C893C2 /* Info.plist */ = {isa = PBXFileReference; lastKnownFileType = text.plist.xml; path = Info.plist; sourceTree = "<group>"; };
		AE34BC871F0223F800C893C2 /* XDemoUITests.xctest */ = {isa = PBXFileReference; explicitFileType = wrapper.cfbundle; includeInIndex = 0; path = XDemoUITests.xctest; sourceTree = BUILT_PRODUCTS_DIR; };
		AE34BC8B1F0223F800C893C2 /* XDemoUITests.m */ = {isa = PBXFileReference; lastKnownFileType = sourcecode.c.objc; path = XDemoUITests.m; sourceTree = "<group>"; };
		AE34BC8D1F0223F800C893C2 /* Info.plist */ = {isa = PBXFileReference; lastKnownFileType = text.plist.xml; path = Info.plist; sourceTree = "<group>"; };
/* End PBXFileReference section */

/* Begin PBXFrameworksBuildPhase section */
		AE34BC601F0223F800C893C2 /* Frameworks */ = {
			isa = PBXFrameworksBuildPhase;
			buildActionMask = 2147483647;
			files = (
			);
			runOnlyForDeploymentPostprocessing = 0;
		};
		AE34BC791F0223F800C893C2 /* Frameworks */ = {
			isa = PBXFrameworksBuildPhase;
			buildActionMask = 2147483647;
			files = (
			);
			runOnlyForDeploymentPostprocessing = 0;
		};
		AE34BC841F0223F800C893C2 /* Frameworks */ = {
			isa = PBXFrameworksBuildPhase;
			buildActionMask = 2147483647;
			files = (
			);
			runOnlyForDeploymentPostprocessing = 0;
		};
/* End PBXFrameworksBuildPhase section */

/* Begin PBXGroup section */
		AE34BC5A1F0223F800C893C2 = {
			isa = PBXGroup;
			children = (
				AE34BC651F0223F800C893C2 /* XDemo */,
				AE34BC7F1F0223F800C893C2 /* XDemoTests */,
				AE34BC8A1F0223F800C893C2 /* XDemoUITests */,
				AE34BC641F0223F800C893C2 /* Products */,
			);
			sourceTree = "<group>";
		};
		AE34BC641F0223F800C893C2 /* Products */ = {
			isa = PBXGroup;
			children = (
				AE34BC631F0223F800C893C2 /* XDemo.app */,
				AE34BC7C1F0223F800C893C2 /* XDemoTests.xctest */,
				AE34BC871F0223F800C893C2 /* XDemoUITests.xctest */,
			);
			name = Products;
			sourceTree = "<group>";
		};
		AE34BC651F0223F800C893C2 /* XDemo */ = {
			isa = PBXGroup;
			children = (
				AE34BC691F0223F800C893C2 /* AppDelegate.h */,
				AE34BC6A1F0223F800C893C2 /* AppDelegate.m */,
				AE34BC6C1F0223F800C893C2 /* ViewController.h */,
				AE34BC6D1F0223F800C893C2 /* ViewController.m */,
				AE34BC6F1F0223F800C893C2 /* Main.storyboard */,
				AE34BC721F0223F800C893C2 /* Assets.xcassets */,
				AE34BC741F0223F800C893C2 /* LaunchScreen.storyboard */,
				AE34BC771F0223F800C893C2 /* Info.plist */,
				AE34BC661F0223F800C893C2 /* Supporting Files */,
			);
			path = XDemo;
			sourceTree = "<group>";
		};
		AE34BC661F0223F800C893C2 /* Supporting Files */ = {
			isa = PBXGroup;
			children = (
				AE34BC671F0223F800C893C2 /* main.m */,
			);
			name = "Supporting Files";
			sourceTree = "<group>";
		};
		AE34BC7F1F0223F800C893C2 /* XDemoTests */ = {
			isa = PBXGroup;
			children = (
				AE34BC801F0223F800C893C2 /* XDemoTests.m */,
				AE34BC821F0223F800C893C2 /* Info.plist */,
			);
			path = XDemoTests;
			sourceTree = "<group>";
		};
		AE34BC8A1F0223F800C893C2 /* XDemoUITests */ = {
			isa = PBXGroup;
			children = (
				AE34BC8B1F0223F800C893C2 /* XDemoUITests.m */,
				AE34BC8D1F0223F800C893C2 /* Info.plist */,
			);
			path = XDemoUITests;
			sourceTree = "<group>";
		};
/* End PBXGroup section */

/* Begin PBXNativeTarget section */
		AE34BC621F0223F800C893C2 /* XDemo */ = {
			isa = PBXNativeTarget;
			buildConfigurationList = AE34BC901F0223F800C893C2 /* Build configuration list for PBXNativeTarget "XDemo" */;
			buildPhases = (
				AE34BC5F1F0223F800C893C2 /* Sources */,
				AE34BC601F0223F800C893C2 /* Frameworks */,
				AE34BC611F0223F800C893C2 /* Resources */,
			);
			buildRules = (
			);
			dependencies = (
			);
			name = XDemo;
			productName = XDemo;
			productReference = AE34BC631F0223F800C893C2 /* XDemo.app */;
			productType = "com.apple.product-type.application";
		};
		AE34BC7B1F0223F800C893C2 /* XDemoTests */ = {
			isa = PBXNativeTarget;
			buildConfigurationList = AE34BC931F0223F800C893C2 /* Build configuration list for PBXNativeTarget "XDemoTests" */;
			buildPhases = (
				AE34BC781F0223F800C893C2 /* Sources */,
				AE34BC791F0223F800C893C2 /* Frameworks */,
				AE34BC7A1F0223F800C893C2 /* Resources */,
			);
			buildRules = (
			);
			dependencies = (
				AE34BC7E1F0223F800C893C2 /* PBXTargetDependency */,
			);
			name = XDemoTests;
			productName = XDemoTests;
			productReference = AE34BC7C1F0223F800C893C2 /* XDemoTests.xctest */;
			productType = "com.apple.product-type.bundle.unit-test";
		};
		AE34BC861F0223F800C893C2 /* XDemoUITests */ = {
			isa = PBXNativeTarget;
			buildConfigurationList = AE34BC961F0223F800C893C2 /* Build configuration list for PBXNativeTarget "XDemoUITests" */;
			buildPhases = (
				AE34BC831F0223F800C893C2 /* Sources */,
				AE34BC841F0223F800C893C2 /* Frameworks */,
				AE34BC851F0223F800C893C2 /* Resources */,
			);
			buildRules = (
			);
			dependencies = (
				AE34BC891F0223F800C893C2 /* PBXTargetDependency */,
			);
			name = XDemoUITests;
			productName = XDemoUITests;
			productReference = AE34BC871F0223F800C893C2 /* XDemoUITests.xctest */;
			productType = "com.apple.product-type.bundle.ui-testing";
		};
/* End PBXNativeTarget section */

/* Begin PBXProject section */
		AE34BC5B1F0223F800C893C2 /* Project object */ = {
			isa = PBXProject;
			attributes = {
				LastUpgradeCheck = 0830;
				ORGANIZATIONNAME = "张鑫";
				TargetAttributes = {
					AE34BC621F0223F800C893C2 = {
						CreatedOnToolsVersion = 8.3.3;
						ProvisioningStyle = Automatic;
					};
					AE34BC7B1F0223F800C893C2 = {
						CreatedOnToolsVersion = 8.3.3;
						ProvisioningStyle = Automatic;
						TestTargetID = AE34BC621F0223F800C893C2;
					};
					AE34BC861F0223F800C893C2 = {
						CreatedOnToolsVersion = 8.3.3;
						ProvisioningStyle = Automatic;
						TestTargetID = AE34BC621F0223F800C893C2;
					};
				};
			};
			buildConfigurationList = AE34BC5E1F0223F800C893C2 /* Build configuration list for PBXProject "XDemo" */;
			compatibilityVersion = "Xcode 3.2";
			developmentRegion = English;
			hasScannedForEncodings = 0;
			knownRegions = (
				en,
				Base,
			);
			mainGroup = AE34BC5A1F0223F800C893C2;
			productRefGroup = AE34BC641F0223F800C893C2 /* Products */;
			projectDirPath = "";
			projectRoot = "";
			targets = (
				AE34BC621F0223F800C893C2 /* XDemo */,
				AE34BC7B1F0223F800C893C2 /* XDemoTests */,
				AE34BC861F0223F800C893C2 /* XDemoUITests */,
			);
		};
/* End PBXProject section */

/* Begin PBXResourcesBuildPhase section */
		AE34BC611F0223F800C893C2 /* Resources */ = {
			isa = PBXResourcesBuildPhase;
			buildActionMask = 2147483647;
			files = (
				AE34BC761F0223F800C893C2 /* LaunchScreen.storyboard in Resources */,
				AE34BC731F0223F800C893C2 /* Assets.xcassets in Resources */,
				AE34BC711F0223F800C893C2 /* Main.storyboard in Resources */,
			);
			runOnlyForDeploymentPostprocessing = 0;
		};
		AE34BC7A1F0223F800C893C2 /* Resources */ = {
			isa = PBXResourcesBuildPhase;
			buildActionMask = 2147483647;
			files = (
			);
			runOnlyForDeploymentPostprocessing = 0;
		};
		AE34BC851F0223F800C893C2 /* Resources */ = {
			isa = PBXResourcesBuildPhase;
			buildActionMask = 2147483647;
			files = (
			);
			runOnlyForDeploymentPostprocessing = 0;
		};
/* End PBXResourcesBuildPhase section */

/* Begin PBXSourcesBuildPhase section */
		AE34BC5F1F0223F800C893C2 /* Sources */ = {
			isa = PBXSourcesBuildPhase;
			buildActionMask = 2147483647;
			files = (
				AE34BC6E1F0223F800C893C2 /* ViewController.m in Sources */,
				AE34BC6B1F0223F800C893C2 /* AppDelegate.m in Sources */,
				AE34BC681F0223F800C893C2 /* main.m in Sources */,
			);
			runOnlyForDeploymentPostprocessing = 0;
		};
		AE34BC781F0223F800C893C2 /* Sources */ = {
			isa = PBXSourcesBuildPhase;
			buildActionMask = 2147483647;
			files = (
				AE34BC811F0223F800C893C2 /* XDemoTests.m in Sources */,
			);
			runOnlyForDeploymentPostprocessing = 0;
		};
		AE34BC831F0223F800C893C2 /* Sources */ = {
			isa = PBXSourcesBuildPhase;
			buildActionMask = 2147483647;
			files = (
				AE34BC8C1F0223F800C893C2 /* XDemoUITests.m in Sources */,
			);
			runOnlyForDeploymentPostprocessing = 0;
		};
/* End PBXSourcesBuildPhase section */

/* Begin PBXTargetDependency section */
		AE34BC7E1F0223F800C893C2 /* PBXTargetDependency */ = {
			isa = PBXTargetDependency;
			target = AE34BC621F0223F800C893C2 /* XDemo */;
			targetProxy = AE34BC7D1F0223F800C893C2 /* PBXContainerItemProxy */;
		};
		AE34BC891F0223F800C893C2 /* PBXTargetDependency */ = {
			isa = PBXTargetDependency;
			target = AE34BC621F0223F800C893C2 /* XDemo */;
			targetProxy = AE34BC881F0223F800C893C2 /* PBXContainerItemProxy */;
		};
/* End PBXTargetDependency section */

/* Begin PBXVariantGroup section */
		AE34BC6F1F0223F800C893C2 /* Main.storyboard */ = {
			isa = PBXVariantGroup;
			children = (
				AE34BC701F0223F800C893C2 /* Base */,
			);
			name = Main.storyboard;
			sourceTree = "<group>";
		};
		AE34BC741F0223F800C893C2 /* LaunchScreen.storyboard */ = {
			isa = PBXVariantGroup;
			children = (
				AE34BC751F0223F800C893C2 /* Base */,
			);
			name = LaunchScreen.storyboard;
			sourceTree = "<group>";
		};
/* End PBXVariantGroup section */

/* Begin XCBuildConfiguration section */
		AE34BC8E1F0223F800C893C2 /* Debug */ = {
			isa = XCBuildConfiguration;
			buildSettings = {
				ALWAYS_SEARCH_USER_PATHS = NO;
				CLANG_ANALYZER_NONNULL = YES;
				CLANG_ANALYZER_NUMBER_OBJECT_CONVERSION = YES_AGGRESSIVE;
				CLANG_CXX_LANGUAGE_STANDARD = "gnu++0x";
				CLANG_CXX_LIBRARY = "libc++";
				CLANG_ENABLE_MODULES = YES;
				CLANG_ENABLE_OBJC_ARC = YES;
				CLANG_WARN_BOOL_CONVERSION = YES;
				CLANG_WARN_CONSTANT_CONVERSION = YES;
				CLANG_WARN_DIRECT_OBJC_ISA_USAGE = YES_ERROR;
				CLANG_WARN_DOCUMENTATION_COMMENTS = YES;
				CLANG_WARN_EMPTY_BODY = YES;
				CLANG_WARN_ENUM_CONVERSION = YES;
				CLANG_WARN_INFINITE_RECURSION = YES;
				CLANG_WARN_INT_CONVERSION = YES;
				CLANG_WARN_OBJC_ROOT_CLASS = YES_ERROR;
				CLANG_WARN_SUSPICIOUS_MOVE = YES;
				CLANG_WARN_UNREACHABLE_CODE = YES;
				CLANG_WARN__DUPLICATE_METHOD_MATCH = YES;
				"CODE_SIGN_IDENTITY[sdk=iphoneos*]" = "iPhone Developer";
				COPY_PHASE_STRIP = NO;
				DEBUG_INFORMATION_FORMAT = dwarf;
				ENABLE_STRICT_OBJC_MSGSEND = YES;
				ENABLE_TESTABILITY = YES;
				GCC_C_LANGUAGE_STANDARD = gnu99;
				GCC_DYNAMIC_NO_PIC = NO;
				GCC_NO_COMMON_BLOCKS = YES;
				GCC_OPTIMIZATION_LEVEL = 0;
				GCC_PREPROCESSOR_DEFINITIONS = (
					"DEBUG=1",
					"$(inherited)",
				);
				GCC_WARN_64_TO_32_BIT_CONVERSION = YES;
				GCC_WARN_ABOUT_RETURN_TYPE = YES_ERROR;
				GCC_WARN_UNDECLARED_SELECTOR = YES;
				GCC_WARN_UNINITIALIZED_AUTOS = YES_AGGRESSIVE;
				GCC_WARN_UNUSED_FUNCTION = YES;
				GCC_WARN_UNUSED_VARIABLE = YES;
				IPHONEOS_DEPLOYMENT_TARGET = 10.3;
				MTL_ENABLE_DEBUG_INFO = YES;
				ONLY_ACTIVE_ARCH = YES;
				SDKROOT = iphoneos;
				TARGETED_DEVICE_FAMILY = "1,2";
			};
			name = Debug;
		};
		AE34BC8F1F0223F800C893C2 /* Release */ = {
			isa = XCBuildConfiguration;
			buildSettings = {
				ALWAYS_SEARCH_USER_PATHS = NO;
				CLANG_ANALYZER_NONNULL = YES;
				CLANG_ANALYZER_NUMBER_OBJECT_CONVERSION = YES_AGGRESSIVE;
				CLANG_CXX_LANGUAGE_STANDARD = "gnu++0x";
				CLANG_CXX_LIBRARY = "libc++";
				CLANG_ENABLE_MODULES = YES;
				CLANG_ENABLE_OBJC_ARC = YES;
				CLANG_WARN_BOOL_CONVERSION = YES;
				CLANG_WARN_CONSTANT_CONVERSION = YES;
				CLANG_WARN_DIRECT_OBJC_ISA_USAGE = YES_ERROR;
				CLANG_WARN_DOCUMENTATION_COMMENTS = YES;
				CLANG_WARN_EMPTY_BODY = YES;
				CLANG_WARN_ENUM_CONVERSION = YES;
				CLANG_WARN_INFINITE_RECURSION = YES;
				CLANG_WARN_INT_CONVERSION = YES;
				CLANG_WARN_OBJC_ROOT_CLASS = YES_ERROR;
				CLANG_WARN_SUSPICIOUS_MOVE = YES;
				CLANG_WARN_UNREACHABLE_CODE = YES;
				CLANG_WARN__DUPLICATE_METHOD_MATCH = YES;
				"CODE_SIGN_IDENTITY[sdk=iphoneos*]" = "iPhone Developer";
				COPY_PHASE_STRIP = NO;
				DEBUG_INFORMATION_FORMAT = "dwarf-with-dsym";
				ENABLE_NS_ASSERTIONS = NO;
				ENABLE_STRICT_OBJC_MSGSEND = YES;
				GCC_C_LANGUAGE_STANDARD = gnu99;
				GCC_NO_COMMON_BLOCKS = YES;
				GCC_WARN_64_TO_32_BIT_CONVERSION = YES;
				GCC_WARN_ABOUT_RETURN_TYPE = YES_ERROR;
				GCC_WARN_UNDECLARED_SELECTOR = YES;
				GCC_WARN_UNINITIALIZED_AUTOS = YES_AGGRESSIVE;
				GCC_WARN_UNUSED_FUNCTION = YES;
				GCC_WARN_UNUSED_VARIABLE = YES;
				IPHONEOS_DEPLOYMENT_TARGET = 10.3;
				MTL_ENABLE_DEBUG_INFO = NO;
				SDKROOT = iphoneos;
				TARGETED_DEVICE_FAMILY = "1,2";
				VALIDATE_PRODUCT = YES;
			};
			name = Release;
		};
		AE34BC911F0223F800C893C2 /* Debug */ = {
			isa = XCBuildConfiguration;
			buildSettings = {
				ASSETCATALOG_COMPILER_APPICON_NAME = AppIcon;
				INFOPLIST_FILE = XDemo/Info.plist;
				LD_RUNPATH_SEARCH_PATHS = "$(inherited) @executable_path/Frameworks";
				PRODUCT_BUNDLE_IDENTIFIER = com.sajiner.XDemo;
				PRODUCT_NAME = "$(TARGET_NAME)";
			};
			name = Debug;
		};
		AE34BC921F0223F800C893C2 /* Release */ = {
			isa = XCBuildConfiguration;
			buildSettings = {
				ASSETCATALOG_COMPILER_APPICON_NAME = AppIcon;
				INFOPLIST_FILE = XDemo/Info.plist;
				LD_RUNPATH_SEARCH_PATHS = "$(inherited) @executable_path/Frameworks";
				PRODUCT_BUNDLE_IDENTIFIER = com.sajiner.XDemo;
				PRODUCT_NAME = "$(TARGET_NAME)";
			};
			name = Release;
		};
		AE34BC941F0223F800C893C2 /* Debug */ = {
			isa = XCBuildConfiguration;
			buildSettings = {
				BUNDLE_LOADER = "$(TEST_HOST)";
				INFOPLIST_FILE = XDemoTests/Info.plist;
				LD_RUNPATH_SEARCH_PATHS = "$(inherited) @executable_path/Frameworks @loader_path/Frameworks";
				PRODUCT_BUNDLE_IDENTIFIER = com.sajiner.XDemoTests;
				PRODUCT_NAME = "$(TARGET_NAME)";
				TEST_HOST = "$(BUILT_PRODUCTS_DIR)/XDemo.app/XDemo";
			};
			name = Debug;
		};
		AE34BC951F0223F800C893C2 /* Release */ = {
			isa = XCBuildConfiguration;
			buildSettings = {
				BUNDLE_LOADER = "$(TEST_HOST)";
				INFOPLIST_FILE = XDemoTests/Info.plist;
				LD_RUNPATH_SEARCH_PATHS = "$(inherited) @executable_path/Frameworks @loader_path/Frameworks";
				PRODUCT_BUNDLE_IDENTIFIER = com.sajiner.XDemoTests;
				PRODUCT_NAME = "$(TARGET_NAME)";
				TEST_HOST = "$(BUILT_PRODUCTS_DIR)/XDemo.app/XDemo";
			};
			name = Release;
		};
		AE34BC971F0223F800C893C2 /* Debug */ = {
			isa = XCBuildConfiguration;
			buildSettings = {
				INFOPLIST_FILE = XDemoUITests/Info.plist;
				LD_RUNPATH_SEARCH_PATHS = "$(inherited) @executable_path/Frameworks @loader_path/Frameworks";
				PRODUCT_BUNDLE_IDENTIFIER = com.sajiner.XDemoUITests;
				PRODUCT_NAME = "$(TARGET_NAME)";
				TEST_TARGET_NAME = XDemo;
			};
			name = Debug;
		};
		AE34BC981F0223F800C893C2 /* Release */ = {
			isa = XCBuildConfiguration;
			buildSettings = {
				INFOPLIST_FILE = XDemoUITests/Info.plist;
				LD_RUNPATH_SEARCH_PATHS = "$(inherited) @executable_path/Frameworks @loader_path/Frameworks";
				PRODUCT_BUNDLE_IDENTIFIER = com.sajiner.XDemoUITests;
				PRODUCT_NAME = "$(TARGET_NAME)";
				TEST_TARGET_NAME = XDemo;
			};
			name = Release;
		};
/* End XCBuildConfiguration section */

/* Begin XCConfigurationList section */
		AE34BC5E1F0223F800C893C2 /* Build configuration list for PBXProject "XDemo" */ = {
			isa = XCConfigurationList;
			buildConfigurations = (
				AE34BC8E1F0223F800C893C2 /* Debug */,
				AE34BC8F1F0223F800C893C2 /* Release */,
			);
			defaultConfigurationIsVisible = 0;
			defaultConfigurationName = Release;
		};
		AE34BC901F0223F800C893C2 /* Build configuration list for PBXNativeTarget "XDemo" */ = {
			isa = XCConfigurationList;
			buildConfigurations = (
				AE34BC911F0223F800C893C2 /* Debug */,
				AE34BC921F0223F800C893C2 /* Release */,
			);
			defaultConfigurationIsVisible = 0;
		};
		AE34BC931F0223F800C893C2 /* Build configuration list for PBXNativeTarget "XDemoTests" */ = {
			isa = XCConfigurationList;
			buildConfigurations = (
				AE34BC941F0223F800C893C2 /* Debug */,
				AE34BC951F0223F800C893C2 /* Release */,
			);
			defaultConfigurationIsVisible = 0;
		};
		AE34BC961F0223F800C893C2 /* Build configuration list for PBXNativeTarget "XDemoUITests" */ = {
			isa = XCConfigurationList;
			buildConfigurations = (
				AE34BC971F0223F800C893C2 /* Debug */,
				AE34BC981F0223F800C893C2 /* Release */,
			);
			defaultConfigurationIsVisible = 0;
		};
/* End XCConfigurationList section */
	};
	rootObject = AE34BC5B1F0223F800C893C2 /* Project object */;
}
